
Microsoft Visual Studio Solution File, Format Version 12.00
# Visual Studio 15
Project("{FAE04EC0-301F-11D3-BF4B-00C04F79EFBC}") = "Assembly-CSharp", "Assembly-CSharp.csproj", "{C57D140C-1B22-EAA8-0190-DAC7131E4979}"
EndProject
Project("{FAE04EC0-301F-11D3-BF4B-00C04F79EFBC}") = "Assembly-CSharp-firstpass", "Assembly-CSharp-firstpass.csproj", "{F4BC4393-92FE-EC8C-A687-446A29D50B7F}"
EndProject
Global
	GlobalSection(SolutionConfigurationPlatforms) = preSolution
		Debug|Any CPU = Debug|Any CPU
		Release|Any CPU = Release|Any CPU
	EndGlobalSection
	GlobalSection(ProjectConfigurationPlatforms) = postSolution
		{C57D140C-1B22-EAA8-0190-DAC7131E4979}.Debug|Any CPU.ActiveCfg = Debug|Any CPU
		{C57D140C-1B22-EAA8-0190-DAC7131E4979}.Debug|Any CPU.Build.0 = Debug|Any CPU
		{C57D140C-1B22-EAA8-0190-DAC7131E4979}.Release|Any CPU.ActiveCfg = Release|Any CPU
		{C57D140C-1B22-EAA8-0190-DAC7131E4979}.Release|Any CPU.Build.0 = Release|Any CPU
		{F4BC4393-92FE-EC8C-A687-446A29D50B7F}.Debug|Any CPU.ActiveCfg = Debug|Any CPU
		{F4BC4393-92FE-EC8C-A687-446A29D50B7F}.Debug|Any CPU.Build.0 = Debug|Any CPU
		{F4BC4393-92FE-EC8C-A687-446A29D50B7F}.Release|Any CPU.ActiveCfg = Release|Any CPU
		{F4BC4393-92FE-EC8C-A687-446A29D50B7F}.Release|Any CPU.Build.0 = Release|Any CPU
	EndGlobalSection
	GlobalSection(SolutionProperties) = preSolution
		HideSolutionNode = FALSE
	EndGlobalSection
EndGlobal
